
Microsoft Visual Studio Solution File, Format Version 12.00
# Visual Studio 15
VisualStudioVersion = 15.0.28307.1000
MinimumVisualStudioVersion = 10.0.40219.1
Project("{FAE04EC0-301F-11D3-BF4B-00C04F79EFBC}") = "Aoe2DeRankingFinder", "Aoe2DeRankingFinder.csproj", "{6694951B-7860-49AF-93C1-E4A248FD1517}"
EndProject
Project("{9A19103F-16F7-4668-BE54-9A1E7A4F7556}") = "Aoe2DeRankingFinderWebApp", "..\WebApp\Aoe2DeRankingFinderWebApp.csproj", "{A6672E76-D6A9-4C0C-A85B-2ACB1327AE4B}"
EndProject
Project("{FAE04EC0-301F-11D3-BF4B-00C04F79EFBC}") = "Stuff", "..\Stuff\Stuff.csproj", "{44000A50-EDCF-4737-8BC7-8A5864866FFD}"
EndProject
Global
	GlobalSection(SolutionConfigurationPlatforms) = preSolution
		Debug|Any CPU = Debug|Any CPU
		Release|Any CPU = Release|Any CPU
	EndGlobalSection
	GlobalSection(ProjectConfigurationPlatforms) = postSolution
		{6694951B-7860-49AF-93C1-E4A248FD1517}.Debug|Any CPU.ActiveCfg = Debug|Any CPU
		{6694951B-7860-49AF-93C1-E4A248FD1517}.Debug|Any CPU.Build.0 = Debug|Any CPU
		{6694951B-7860-49AF-93C1-E4A248FD1517}.Release|Any CPU.ActiveCfg = Release|Any CPU
		{6694951B-7860-49AF-93C1-E4A248FD1517}.Release|Any CPU.Build.0 = Release|Any CPU
		{A6672E76-D6A9-4C0C-A85B-2ACB1327AE4B}.Debug|Any CPU.ActiveCfg = Debug|Any CPU
		{A6672E76-D6A9-4C0C-A85B-2ACB1327AE4B}.Debug|Any CPU.Build.0 = Debug|Any CPU
		{A6672E76-D6A9-4C0C-A85B-2ACB1327AE4B}.Release|Any CPU.ActiveCfg = Release|Any CPU
		{A6672E76-D6A9-4C0C-A85B-2ACB1327AE4B}.Release|Any CPU.Build.0 = Release|Any CPU
		{44000A50-EDCF-4737-8BC7-8A5864866FFD}.Debug|Any CPU.ActiveCfg = Debug|Any CPU
		{44000A50-EDCF-4737-8BC7-8A5864866FFD}.Debug|Any CPU.Build.0 = Debug|Any CPU
		{44000A50-EDCF-4737-8BC7-8A5864866FFD}.Release|Any CPU.ActiveCfg = Release|Any CPU
		{44000A50-EDCF-4737-8BC7-8A5864866FFD}.Release|Any CPU.Build.0 = Release|Any CPU
	EndGlobalSection
	GlobalSection(SolutionProperties) = preSolution
		HideSolutionNode = FALSE
	EndGlobalSection
	GlobalSection(ExtensibilityGlobals) = postSolution
		SolutionGuid = {7EF12B7A-09B4-4331-B7B4-C5AAA5303B63}
	EndGlobalSection
EndGlobal
